
Microsoft Visual Studio Solution File, Format Version 12.00
# Visual Studio 15
VisualStudioVersion = 15.0.28010.2003
MinimumVisualStudioVersion = 10.0.40219.1
Project("{FAE04EC0-301F-11D3-BF4B-00C04F79EFBC}") = "Domain", "Domain\Domain.csproj", "{49508702-15A9-4773-A7C8-A343A5E8ECEA}"
EndProject
Project("{FAE04EC0-301F-11D3-BF4B-00C04F79EFBC}") = "Presentation", "Presentation\Presentation.csproj", "{5EB4A44A-A22C-4651-B61D-9CF67593D40D}"
EndProject
Global
	GlobalSection(SolutionConfigurationPlatforms) = preSolution
		Debug|Any CPU = Debug|Any CPU
		Release|Any CPU = Release|Any CPU
	EndGlobalSection
	GlobalSection(ProjectConfigurationPlatforms) = postSolution
		{49508702-15A9-4773-A7C8-A343A5E8ECEA}.Debug|Any CPU.ActiveCfg = Debug|Any CPU
		{49508702-15A9-4773-A7C8-A343A5E8ECEA}.Debug|Any CPU.Build.0 = Debug|Any CPU
		{49508702-15A9-4773-A7C8-A343A5E8ECEA}.Release|Any CPU.ActiveCfg = Release|Any CPU
		{49508702-15A9-4773-A7C8-A343A5E8ECEA}.Release|Any CPU.Build.0 = Release|Any CPU
		{5EB4A44A-A22C-4651-B61D-9CF67593D40D}.Debug|Any CPU.ActiveCfg = Debug|Any CPU
		{5EB4A44A-A22C-4651-B61D-9CF67593D40D}.Debug|Any CPU.Build.0 = Debug|Any CPU
		{5EB4A44A-A22C-4651-B61D-9CF67593D40D}.Release|Any CPU.ActiveCfg = Release|Any CPU
		{5EB4A44A-A22C-4651-B61D-9CF67593D40D}.Release|Any CPU.Build.0 = Release|Any CPU
	EndGlobalSection
	GlobalSection(SolutionProperties) = preSolution
		HideSolutionNode = FALSE
	EndGlobalSection
	GlobalSection(ExtensibilityGlobals) = postSolution
		SolutionGuid = {A8FF647B-720F-49B1-B5DF-EB18FDAEBDB4}
	EndGlobalSection
EndGlobal
